# THIS IS AN AUTOGENERATED FILE. DO NOT EDIT THIS FILE DIRECTLY.
# yarn lockfile v1


"@aws-cdk/assets@1.57.0":
  version "1.57.0"
  resolved "https://registry.yarnpkg.com/@aws-cdk/assets/-/assets-1.57.0.tgz#e37a61552b0c2680a09dae435a97a24a2996480b"
  integrity sha512-+yn4YWU7LCDbL6GsvnXgY0pe7TaH8Ib+o4zowsLuMnS2l5ShtHy7dpqJj+VVO0/YR9upvmlvMg6QY6UQRpA0cA==
  dependencies:
    "@aws-cdk/core" "1.57.0"
    "@aws-cdk/cx-api" "1.57.0"
    constructs "^3.0.2"

"@aws-cdk/aws-apigateway@1.57.0":
  version "1.57.0"
  resolved "https://registry.yarnpkg.com/@aws-cdk/aws-apigateway/-/aws-apigateway-1.57.0.tgz#2701fdf3da90c50195a317c6ef6624fae3a194d1"
  integrity sha512-y04kG/h4lQq5TQTyOogLzdt61mdDOaXcSnQrOEBMKgMyDOpcT9mETlfxPfvn55tdrw6XwlC8d1qB6Jo6GJQf4w==
  dependencies:
    "@aws-cdk/assets" "1.57.0"
    "@aws-cdk/aws-certificatemanager" "1.57.0"
    "@aws-cdk/aws-ec2" "1.57.0"
    "@aws-cdk/aws-elasticloadbalancingv2" "1.57.0"
    "@aws-cdk/aws-iam" "1.57.0"
    "@aws-cdk/aws-lambda" "1.57.0"
    "@aws-cdk/aws-logs" "1.57.0"
    "@aws-cdk/aws-s3" "1.57.0"
    "@aws-cdk/aws-s3-assets" "1.57.0"
    "@aws-cdk/core" "1.57.0"
    "@aws-cdk/cx-api" "1.57.0"
    constructs "^3.0.2"

"@aws-cdk/aws-applicationautoscaling@1.57.0":
  version "1.57.0"
  resolved "https://registry.yarnpkg.com/@aws-cdk/aws-applicationautoscaling/-/aws-applicationautoscaling-1.57.0.tgz#1d8abcc75f994696ecec2f0563d1cdffd3e54c69"
  integrity sha512-frlqBtUcrJfZ5NTyW4DpAPnQFcHAioUQKj65/XEwCZvq6g44S9z+ARAIT0hEisUfFDFnJ1p6Fm/Wn+M6fyLQFA==
  dependencies:
    "@aws-cdk/aws-autoscaling-common" "1.57.0"
    "@aws-cdk/aws-cloudwatch" "1.57.0"
    "@aws-cdk/aws-iam" "1.57.0"
    "@aws-cdk/core" "1.57.0"
    constructs "^3.0.2"

"@aws-cdk/aws-autoscaling-common@1.57.0":
  version "1.57.0"
  resolved "https://registry.yarnpkg.com/@aws-cdk/aws-autoscaling-common/-/aws-autoscaling-common-1.57.0.tgz#481f4413518ddda679c25cb6c5b5f42e83a03c3f"
  integrity sha512-FYcqcby+ObhZEaP4za+JhwShQVAWAXQDq0DoDlYd30RgWcr7yz6gbz56G2N+/ngxFWQ42SkS+T1BqR3hsQdTmg==
  dependencies:
    "@aws-cdk/aws-iam" "1.57.0"
    "@aws-cdk/core" "1.57.0"
    constructs "^3.0.2"

"@aws-cdk/aws-autoscaling-hooktargets@1.57.0":
  version "1.57.0"
  resolved "https://registry.yarnpkg.com/@aws-cdk/aws-autoscaling-hooktargets/-/aws-autoscaling-hooktargets-1.57.0.tgz#3dc475171f206f1ade5575f8ef1561a3428dd22b"
  integrity sha512-PIkBKiZSN+OpeSYdFcBWKgnyYrBvmhsgAAQmKiV/OP0FeM87+jh7hjlaREA/WuRIbv3vj/rcEpWcVih8vzgTLw==
  dependencies:
    "@aws-cdk/aws-autoscaling" "1.57.0"
    "@aws-cdk/aws-iam" "1.57.0"
    "@aws-cdk/aws-lambda" "1.57.0"
    "@aws-cdk/aws-sns" "1.57.0"
    "@aws-cdk/aws-sns-subscriptions" "1.57.0"
    "@aws-cdk/aws-sqs" "1.57.0"
    "@aws-cdk/core" "1.57.0"
    constructs "^3.0.2"

"@aws-cdk/aws-autoscaling@1.57.0":
  version "1.57.0"
  resolved "https://registry.yarnpkg.com/@aws-cdk/aws-autoscaling/-/aws-autoscaling-1.57.0.tgz#ff662c82e5d2ecf01bfe665597ba5f6901b04465"
  integrity sha512-UYFW/ksiOPV7aHFixOYZMqddduf39skeBb8zxZBNPEKQ2PmUzSx3ygPf5XQMKngnuf47IUKd0O7Za4fBHex9Mg==
  dependencies:
    "@aws-cdk/aws-autoscaling-common" "1.57.0"
    "@aws-cdk/aws-cloudwatch" "1.57.0"
    "@aws-cdk/aws-ec2" "1.57.0"
    "@aws-cdk/aws-elasticloadbalancing" "1.57.0"
    "@aws-cdk/aws-elasticloadbalancingv2" "1.57.0"
    "@aws-cdk/aws-iam" "1.57.0"
    "@aws-cdk/aws-sns" "1.57.0"
    "@aws-cdk/core" "1.57.0"
    constructs "^3.0.2"

"@aws-cdk/aws-batch@1.57.0":
  version "1.57.0"
  resolved "https://registry.yarnpkg.com/@aws-cdk/aws-batch/-/aws-batch-1.57.0.tgz#dca3f507bc0db49a46c911a57674d63cc4565f27"
  integrity sha512-jckHpmHVEdfEBFLAk8u+W9UYOTkDvefbrTmdW9wA0361jujxC6lYyp2lkF53i75L0kdBpJpGlhlSyyofESTk3w==
  dependencies:
    "@aws-cdk/aws-ec2" "1.57.0"
    "@aws-cdk/aws-ecr" "1.57.0"
    "@aws-cdk/aws-ecs" "1.57.0"
    "@aws-cdk/aws-iam" "1.57.0"
    "@aws-cdk/core" "1.57.0"
    constructs "^3.0.2"

"@aws-cdk/aws-certificatemanager@1.57.0":
  version "1.57.0"
  resolved "https://registry.yarnpkg.com/@aws-cdk/aws-certificatemanager/-/aws-certificatemanager-1.57.0.tgz#7768b83db7b60bad051229c39b560e687c19dc3a"
  integrity sha512-CMRhikcHziPrKhe/CHgQ4boCa+rG19QtF7wzTMHlAeEd7E8ruJMH9yNFtS1+MFrwLgp0hMS+H/Gyz9arJtfCrA==
  dependencies:
    "@aws-cdk/aws-iam" "1.57.0"
    "@aws-cdk/aws-lambda" "1.57.0"
    "@aws-cdk/aws-route53" "1.57.0"
    "@aws-cdk/core" "1.57.0"
    constructs "^3.0.2"

"@aws-cdk/aws-cloudformation@1.57.0":
  version "1.57.0"
  resolved "https://registry.yarnpkg.com/@aws-cdk/aws-cloudformation/-/aws-cloudformation-1.57.0.tgz#c55928ed65c1883e1d4015232e9dc65212539970"
  integrity sha512-rEjjXOoXNJ4kPSkdlKuhA1VYIRhByqZJ5PqWhGCYB+PlAlOFiAzOH63xbDkhn4g4S+PIi2h9AYNIkqniqtjceA==
  dependencies:
    "@aws-cdk/aws-iam" "1.57.0"
    "@aws-cdk/aws-lambda" "1.57.0"
    "@aws-cdk/aws-s3" "1.57.0"
    "@aws-cdk/aws-sns" "1.57.0"
    "@aws-cdk/core" "1.57.0"
    "@aws-cdk/cx-api" "1.57.0"
    constructs "^3.0.2"

"@aws-cdk/aws-cloudfront@1.57.0":
  version "1.57.0"
  resolved "https://registry.yarnpkg.com/@aws-cdk/aws-cloudfront/-/aws-cloudfront-1.57.0.tgz#259b072fcc08f65f24ac1205633e299c4934a13d"
  integrity sha512-OWXJ6X2mxtN/EbXavr4icidamSmj588Pcjb2vvcK8XC//wOOlUZh/mAA26zTilFbFeGrCxRh62itJauRjlA6hw==
  dependencies:
    "@aws-cdk/aws-certificatemanager" "1.57.0"
    "@aws-cdk/aws-iam" "1.57.0"
    "@aws-cdk/aws-kms" "1.57.0"
    "@aws-cdk/aws-lambda" "1.57.0"
    "@aws-cdk/aws-s3" "1.57.0"
    "@aws-cdk/core" "1.57.0"
    constructs "^3.0.2"

"@aws-cdk/aws-cloudwatch@1.57.0":
  version "1.57.0"
  resolved "https://registry.yarnpkg.com/@aws-cdk/aws-cloudwatch/-/aws-cloudwatch-1.57.0.tgz#43ee7a14b869f698ffcd3e72624bb2b2f673b1d0"
  integrity sha512-sKS0LURGmL1jbgrG9UGUxh0q+yxGVDmsds3eoJWLc0qyVrD9KN3wxU+QuSLqQdZGGun/tDIv39UQ1l+Y6vodsw==
  dependencies:
    "@aws-cdk/aws-iam" "1.57.0"
    "@aws-cdk/core" "1.57.0"
    constructs "^3.0.2"

"@aws-cdk/aws-codebuild@1.57.0":
  version "1.57.0"
  resolved "https://registry.yarnpkg.com/@aws-cdk/aws-codebuild/-/aws-codebuild-1.57.0.tgz#e451e26f23d0bbc1af993ad4178db3004370c577"
  integrity sha512-oZhaSP1xvJsMmL1g6NWJB4GZzcKhgailwitA1VT9sNKbAabSrUE8X7x7tOBprdtRDiFdeAtO7oR1gdyuITErtA==
  dependencies:
    "@aws-cdk/assets" "1.57.0"
    "@aws-cdk/aws-cloudwatch" "1.57.0"
    "@aws-cdk/aws-codecommit" "1.57.0"
    "@aws-cdk/aws-ec2" "1.57.0"
    "@aws-cdk/aws-ecr" "1.57.0"
    "@aws-cdk/aws-ecr-assets" "1.57.0"
    "@aws-cdk/aws-events" "1.57.0"
    "@aws-cdk/aws-iam" "1.57.0"
    "@aws-cdk/aws-kms" "1.57.0"
    "@aws-cdk/aws-s3" "1.57.0"
    "@aws-cdk/aws-s3-assets" "1.57.0"
    "@aws-cdk/aws-secretsmanager" "1.57.0"
    "@aws-cdk/core" "1.57.0"
    constructs "^3.0.2"

"@aws-cdk/aws-codecommit@1.57.0":
  version "1.57.0"
  resolved "https://registry.yarnpkg.com/@aws-cdk/aws-codecommit/-/aws-codecommit-1.57.0.tgz#477dcb9f468edb8e0d1dedc17b772df5fc0479df"
  integrity sha512-AAXoDZvvKAfTpnRbqSaR2nkXRLpCdcbv+geJX2HLycgch/wIyMfXKJZXuTtQAtlt5elPGrNt3CT02kvfQKBB4w==
  dependencies:
    "@aws-cdk/aws-events" "1.57.0"
    "@aws-cdk/aws-iam" "1.57.0"
    "@aws-cdk/core" "1.57.0"
    constructs "^3.0.2"

"@aws-cdk/aws-codeguruprofiler@1.57.0":
  version "1.57.0"
  resolved "https://registry.yarnpkg.com/@aws-cdk/aws-codeguruprofiler/-/aws-codeguruprofiler-1.57.0.tgz#84aea6ae7c39669a4c2ce0ba36317e1af8c2f2b8"
  integrity sha512-69KWy67Lo20DcFXSuSxlD5Px08jnDtkLIMroF8Zp9dEF5maxgy41i26FoY4hQQnXiTKopA8IPVxHvkouRxNutQ==
  dependencies:
    "@aws-cdk/aws-iam" "1.57.0"
    "@aws-cdk/core" "1.57.0"

"@aws-cdk/aws-codepipeline@1.57.0":
  version "1.57.0"
  resolved "https://registry.yarnpkg.com/@aws-cdk/aws-codepipeline/-/aws-codepipeline-1.57.0.tgz#d14fdfaa76ddaad5665550f191b4200e3484f10f"
  integrity sha512-oTqN8MdubKKVL24/oU3erA3vBpYUeFQvDPiV1T0ODfvuFxqbgu7iVjw0h70DGyoHoeq1mi8LmdaddkgE6e8RIw==
  dependencies:
    "@aws-cdk/aws-events" "1.57.0"
    "@aws-cdk/aws-iam" "1.57.0"
    "@aws-cdk/aws-kms" "1.57.0"
    "@aws-cdk/aws-s3" "1.57.0"
    "@aws-cdk/core" "1.57.0"
    constructs "^3.0.2"

"@aws-cdk/aws-cognito@1.57.0":
  version "1.57.0"
  resolved "https://registry.yarnpkg.com/@aws-cdk/aws-cognito/-/aws-cognito-1.57.0.tgz#bdefaa8c8f2120e8db90971e96ccb35a86643925"
  integrity sha512-+r9VFKOl1n0/7XuOP9B9DoXZx5IhnkB9y6vgrD1oOBgpOtePf6z8VSyW2nR+slZWQCTgbe2fN3E3afQY9dS1lQ==
  dependencies:
    "@aws-cdk/aws-certificatemanager" "1.57.0"
    "@aws-cdk/aws-iam" "1.57.0"
    "@aws-cdk/aws-lambda" "1.57.0"
    "@aws-cdk/core" "1.57.0"
    "@aws-cdk/custom-resources" "1.57.0"
    constructs "^3.0.2"

"@aws-cdk/aws-ec2@1.57.0":
  version "1.57.0"
  resolved "https://registry.yarnpkg.com/@aws-cdk/aws-ec2/-/aws-ec2-1.57.0.tgz#1f7a9ce5926a1cc35cd0b78cb27f5b03967b9dfa"
  integrity sha512-ptqXTCm0YE87YyLovVCmMVoqJ3V4yCTRJPXbA9j+h1eJcnKamTI2FmYqVDGrysAGYLAJyzi233sstfMFbks94g==
  dependencies:
    "@aws-cdk/aws-cloudwatch" "1.57.0"
    "@aws-cdk/aws-iam" "1.57.0"
    "@aws-cdk/aws-kms" "1.57.0"
    "@aws-cdk/aws-logs" "1.57.0"
    "@aws-cdk/aws-s3" "1.57.0"
    "@aws-cdk/aws-ssm" "1.57.0"
    "@aws-cdk/cloud-assembly-schema" "1.57.0"
    "@aws-cdk/core" "1.57.0"
    "@aws-cdk/cx-api" "1.57.0"
    "@aws-cdk/region-info" "1.57.0"
    constructs "^3.0.2"

"@aws-cdk/aws-ecr-assets@1.57.0":
  version "1.57.0"
  resolved "https://registry.yarnpkg.com/@aws-cdk/aws-ecr-assets/-/aws-ecr-assets-1.57.0.tgz#5799a88746788e4a81fdecc0d44e98c3eb81798b"
  integrity sha512-5i/b77ImDp+WF3GIIwjO1HHI3o/HPrLXbS/j44v9jxecBlpMj+DroOSn5jnq+J2wGguUS9UrIdgstts0lqCnYA==
  dependencies:
    "@aws-cdk/assets" "1.57.0"
    "@aws-cdk/aws-ecr" "1.57.0"
    "@aws-cdk/aws-iam" "1.57.0"
    "@aws-cdk/aws-lambda" "1.57.0"
    "@aws-cdk/aws-s3" "1.57.0"
    "@aws-cdk/core" "1.57.0"
    "@aws-cdk/cx-api" "1.57.0"
    constructs "^3.0.2"
    minimatch "^3.0.4"

"@aws-cdk/aws-ecr@1.57.0":
  version "1.57.0"
  resolved "https://registry.yarnpkg.com/@aws-cdk/aws-ecr/-/aws-ecr-1.57.0.tgz#7779c26bfd31de207d6cd2b830af35c46b5b07f3"
  integrity sha512-wZWvYrN1M9bn7txtdertDHcGfKYT/eTzQp/MyH/cu/ZKs+IQQ/Iq1Zh+t8d3nrkfoFPP8LPI3AyVOLAiPw8pGg==
  dependencies:
    "@aws-cdk/aws-events" "1.57.0"
    "@aws-cdk/aws-iam" "1.57.0"
    "@aws-cdk/core" "1.57.0"
    "@aws-cdk/custom-resources" "1.57.0"
    constructs "^3.0.2"

"@aws-cdk/aws-ecs@1.57.0":
  version "1.57.0"
  resolved "https://registry.yarnpkg.com/@aws-cdk/aws-ecs/-/aws-ecs-1.57.0.tgz#074719719a66c2135bce09182ab6f40b00ece431"
  integrity sha512-uSUNe+K10WcvWhYKY3rvN0C/93yuajbdHMqybemNVU29PFnqTQ6djKsieIAxlPctM6jwQditakLH8S01xscTxw==
  dependencies:
    "@aws-cdk/aws-applicationautoscaling" "1.57.0"
    "@aws-cdk/aws-autoscaling" "1.57.0"
    "@aws-cdk/aws-autoscaling-hooktargets" "1.57.0"
    "@aws-cdk/aws-certificatemanager" "1.57.0"
    "@aws-cdk/aws-cloudwatch" "1.57.0"
    "@aws-cdk/aws-ec2" "1.57.0"
    "@aws-cdk/aws-ecr" "1.57.0"
    "@aws-cdk/aws-ecr-assets" "1.57.0"
    "@aws-cdk/aws-elasticloadbalancing" "1.57.0"
    "@aws-cdk/aws-elasticloadbalancingv2" "1.57.0"
    "@aws-cdk/aws-iam" "1.57.0"
    "@aws-cdk/aws-lambda" "1.57.0"
    "@aws-cdk/aws-logs" "1.57.0"
    "@aws-cdk/aws-route53" "1.57.0"
    "@aws-cdk/aws-route53-targets" "1.57.0"
    "@aws-cdk/aws-secretsmanager" "1.57.0"
    "@aws-cdk/aws-servicediscovery" "1.57.0"
    "@aws-cdk/aws-sns" "1.57.0"
    "@aws-cdk/aws-sqs" "1.57.0"
    "@aws-cdk/aws-ssm" "1.57.0"
    "@aws-cdk/core" "1.57.0"
    "@aws-cdk/cx-api" "1.57.0"
    constructs "^3.0.2"

"@aws-cdk/aws-efs@1.57.0":
  version "1.57.0"
  resolved "https://registry.yarnpkg.com/@aws-cdk/aws-efs/-/aws-efs-1.57.0.tgz#be9b6b15289c4347f2d9801272e40f27d04901d2"
  integrity sha512-vrxQAdG3c4KYGPnE6+eppyKHnqpdP/15VIC8ihFxpqdKBeQK2CguTZuN/dKMHWvhN6F2iyvRoGWSDzqI5uTbrg==
  dependencies:
    "@aws-cdk/aws-ec2" "1.57.0"
    "@aws-cdk/aws-kms" "1.57.0"
    "@aws-cdk/cloud-assembly-schema" "1.57.0"
    "@aws-cdk/core" "1.57.0"
    "@aws-cdk/cx-api" "1.57.0"
    constructs "^3.0.2"

"@aws-cdk/aws-elasticloadbalancing@1.57.0":
  version "1.57.0"
  resolved "https://registry.yarnpkg.com/@aws-cdk/aws-elasticloadbalancing/-/aws-elasticloadbalancing-1.57.0.tgz#d050c0784e1e9cb47d836976a49ac49bc56a8cf4"
  integrity sha512-pK8fFu7g7MnGz4Dp+qlDEEXF2Vq2UQyVRgVt+wvcMWHbZN35wkhRM8XVvZ/QO7jyk4Dz5+hRy+vUbi5SuVha9w==
  dependencies:
    "@aws-cdk/aws-ec2" "1.57.0"
    "@aws-cdk/core" "1.57.0"
    constructs "^3.0.2"

"@aws-cdk/aws-elasticloadbalancingv2@1.57.0":
  version "1.57.0"
  resolved "https://registry.yarnpkg.com/@aws-cdk/aws-elasticloadbalancingv2/-/aws-elasticloadbalancingv2-1.57.0.tgz#0e388a8e727189749fac13c06f83e3aecebbcf5c"
  integrity sha512-fSoqsgWBawL6eYIoAoF7O0QVwqlvAmtKltlUJ4mKS0Umor3MXEGrsdaMKitgNx6/mToJdYtfSe6UDMWI3HdjyQ==
  dependencies:
    "@aws-cdk/aws-certificatemanager" "1.57.0"
    "@aws-cdk/aws-cloudwatch" "1.57.0"
    "@aws-cdk/aws-ec2" "1.57.0"
    "@aws-cdk/aws-iam" "1.57.0"
    "@aws-cdk/aws-lambda" "1.57.0"
    "@aws-cdk/aws-s3" "1.57.0"
    "@aws-cdk/core" "1.57.0"
    "@aws-cdk/region-info" "1.57.0"
    constructs "^3.0.2"

"@aws-cdk/aws-events-targets@^1.57.0":
  version "1.57.0"
  resolved "https://registry.yarnpkg.com/@aws-cdk/aws-events-targets/-/aws-events-targets-1.57.0.tgz#12fd0cd274e8126f0267d88b7d9587498ee85776"
  integrity sha512-iwCY3CmxdSt0OknZdIO7aGIc/Q3sWLCFDTS1m2K+pf58d+Mim/g/QeifNje/UpUCBbBJkgufFPj3lFQa7w92lA==
  dependencies:
    "@aws-cdk/aws-batch" "1.57.0"
    "@aws-cdk/aws-codebuild" "1.57.0"
    "@aws-cdk/aws-codepipeline" "1.57.0"
    "@aws-cdk/aws-ec2" "1.57.0"
    "@aws-cdk/aws-ecs" "1.57.0"
    "@aws-cdk/aws-events" "1.57.0"
    "@aws-cdk/aws-iam" "1.57.0"
    "@aws-cdk/aws-kinesis" "1.57.0"
    "@aws-cdk/aws-lambda" "1.57.0"
    "@aws-cdk/aws-sns" "1.57.0"
    "@aws-cdk/aws-sns-subscriptions" "1.57.0"
    "@aws-cdk/aws-sqs" "1.57.0"
    "@aws-cdk/aws-stepfunctions" "1.57.0"
    "@aws-cdk/core" "1.57.0"
    constructs "^3.0.2"

"@aws-cdk/aws-events@1.57.0", "@aws-cdk/aws-events@^1.57.0":
  version "1.57.0"
  resolved "https://registry.yarnpkg.com/@aws-cdk/aws-events/-/aws-events-1.57.0.tgz#1bb4c9281b06e9b577d7a02d9ebc7b41b937b3d3"
  integrity sha512-d2681DHe+gFQq+o4GXglnaEKmEorCpTYPQIbbRRO3RQzggSLdJMYFoIio3Vft3xeuaxpZCpNwyJ6mROdgiq3eg==
  dependencies:
    "@aws-cdk/aws-iam" "1.57.0"
    "@aws-cdk/core" "1.57.0"
    constructs "^3.0.2"

"@aws-cdk/aws-iam@1.57.0":
  version "1.57.0"
  resolved "https://registry.yarnpkg.com/@aws-cdk/aws-iam/-/aws-iam-1.57.0.tgz#d6c8e901fa81e3c872d209bd46fd41e3f024d6b2"
  integrity sha512-vOltgt7CDEZ9Zko5tBhxP6bwuOAJA5ev04w1rwAcDD8W4UGHnz+2D1b0eAHfLhsICVagwfNEG+KmDyyKzrzyFw==
  dependencies:
    "@aws-cdk/core" "1.57.0"
    "@aws-cdk/region-info" "1.57.0"
    constructs "^3.0.2"

"@aws-cdk/aws-kinesis@1.57.0":
  version "1.57.0"
  resolved "https://registry.yarnpkg.com/@aws-cdk/aws-kinesis/-/aws-kinesis-1.57.0.tgz#0eb08e31dcab3c90640ee93df1d2480281fa5fbf"
  integrity sha512-x7ySlxBV+8I82MeYdNHLOMFi7mO19mkMabP9MrDlINcXpHRwXtUO6LMN+Bl/sda5v2FeVK8tpZm1PQ7lJ3jVCA==
  dependencies:
    "@aws-cdk/aws-iam" "1.57.0"
    "@aws-cdk/aws-kms" "1.57.0"
    "@aws-cdk/aws-logs" "1.57.0"
    "@aws-cdk/core" "1.57.0"
    constructs "^3.0.2"

"@aws-cdk/aws-kms@1.57.0":
  version "1.57.0"
  resolved "https://registry.yarnpkg.com/@aws-cdk/aws-kms/-/aws-kms-1.57.0.tgz#6fc0868b142c497d7c70c461596bfb111182c77b"
  integrity sha512-kBoOCPEZTTCU2JN9LfVy7qYKI9+XGyCPybcxbrXhYjM1eC2tKEcCub7fQiQ3He+H4QEgfEqoKhwJlLHUDMSKtQ==
  dependencies:
    "@aws-cdk/aws-iam" "1.57.0"
    "@aws-cdk/core" "1.57.0"
    constructs "^3.0.2"

"@aws-cdk/aws-lambda@1.57.0", "@aws-cdk/aws-lambda@^1.57.0":
  version "1.57.0"
  resolved "https://registry.yarnpkg.com/@aws-cdk/aws-lambda/-/aws-lambda-1.57.0.tgz#430314f57e07529faf1aee37b631b38db91f3a60"
  integrity sha512-LNYO32T6ljUbfIEh1rOPFePQfUGF8GzAmazQ8A/G0aE8e919aJexWJ4k2YVcKAoKQRl7nPAZMXWWg2VfxEocDQ==
  dependencies:
    "@aws-cdk/aws-cloudwatch" "1.57.0"
    "@aws-cdk/aws-codeguruprofiler" "1.57.0"
    "@aws-cdk/aws-ec2" "1.57.0"
    "@aws-cdk/aws-efs" "1.57.0"
    "@aws-cdk/aws-events" "1.57.0"
    "@aws-cdk/aws-iam" "1.57.0"
    "@aws-cdk/aws-logs" "1.57.0"
    "@aws-cdk/aws-s3" "1.57.0"
    "@aws-cdk/aws-s3-assets" "1.57.0"
    "@aws-cdk/aws-sqs" "1.57.0"
    "@aws-cdk/core" "1.57.0"
    "@aws-cdk/cx-api" "1.57.0"
    constructs "^3.0.2"

"@aws-cdk/aws-logs@1.57.0":
  version "1.57.0"
  resolved "https://registry.yarnpkg.com/@aws-cdk/aws-logs/-/aws-logs-1.57.0.tgz#b1b1b4be8ff1a0041f2c84ce21db78b80d26ffb6"
  integrity sha512-q8hmcT7f6ZSHs0qypncTvIag7onKvt3gQIknPDnn3712rP3yz0zJlDfcN/TXRKEPxGVjGB9VCM/9q9pBKwbzQQ==
  dependencies:
    "@aws-cdk/aws-cloudwatch" "1.57.0"
    "@aws-cdk/aws-iam" "1.57.0"
    "@aws-cdk/core" "1.57.0"
    constructs "^3.0.2"

"@aws-cdk/aws-route53-targets@1.57.0":
  version "1.57.0"
  resolved "https://registry.yarnpkg.com/@aws-cdk/aws-route53-targets/-/aws-route53-targets-1.57.0.tgz#83416fba073328e223792a2df192efc2e153c324"
  integrity sha512-1qE5Zr/y3vF/8h/7coJoyDcjacjVeI3ASXECC/O8hEpDeevqQSTza/l/xyeM8FRpYw/TqtFpJ7EAZbnYk3nJFw==
  dependencies:
    "@aws-cdk/aws-apigateway" "1.57.0"
    "@aws-cdk/aws-cloudfront" "1.57.0"
    "@aws-cdk/aws-cognito" "1.57.0"
    "@aws-cdk/aws-ec2" "1.57.0"
    "@aws-cdk/aws-elasticloadbalancing" "1.57.0"
    "@aws-cdk/aws-elasticloadbalancingv2" "1.57.0"
    "@aws-cdk/aws-iam" "1.57.0"
    "@aws-cdk/aws-route53" "1.57.0"
    "@aws-cdk/aws-s3" "1.57.0"
    "@aws-cdk/core" "1.57.0"
    "@aws-cdk/region-info" "1.57.0"
    constructs "^3.0.2"

"@aws-cdk/aws-route53@1.57.0":
  version "1.57.0"
  resolved "https://registry.yarnpkg.com/@aws-cdk/aws-route53/-/aws-route53-1.57.0.tgz#3e9be405b55a7b041482fa486e3b90ddc24754e0"
  integrity sha512-SR+Q6fxDNzhsrc0gKfdXH5CZYH++7qwj5Hcd5CXKKHi9hw01GrYadTz8eXLFRb6Bt8coY5FN+KDbXc/wCI0H4g==
  dependencies:
    "@aws-cdk/aws-ec2" "1.57.0"
    "@aws-cdk/aws-logs" "1.57.0"
    "@aws-cdk/cloud-assembly-schema" "1.57.0"
    "@aws-cdk/core" "1.57.0"
    constructs "^3.0.2"

"@aws-cdk/aws-s3-assets@1.57.0":
  version "1.57.0"
  resolved "https://registry.yarnpkg.com/@aws-cdk/aws-s3-assets/-/aws-s3-assets-1.57.0.tgz#949ef5f3a045a2e728dead6bc935901d82181897"
  integrity sha512-zX6xvP9m+InbD0IT40yCBRCtg0EW66WGMrd7yi9p4/kK8SSDdRP5LITJTzNrche24LUV2jWpzSBPVAm8QCp7JQ==
  dependencies:
    "@aws-cdk/assets" "1.57.0"
    "@aws-cdk/aws-iam" "1.57.0"
    "@aws-cdk/aws-kms" "1.57.0"
    "@aws-cdk/aws-s3" "1.57.0"
    "@aws-cdk/core" "1.57.0"
    "@aws-cdk/cx-api" "1.57.0"
    constructs "^3.0.2"

"@aws-cdk/aws-s3@1.57.0":
  version "1.57.0"
  resolved "https://registry.yarnpkg.com/@aws-cdk/aws-s3/-/aws-s3-1.57.0.tgz#5d9d318e0ab78896f28276bf03e94835d483e33e"
  integrity sha512-pwqLL6D+2saDNAlue74iBphPJ9E4ejXxrXg3llMLbud6GIjtzXz4G8H7z6OwkgdceEK5Sx3eVQNR4MPREdcO5g==
  dependencies:
    "@aws-cdk/aws-events" "1.57.0"
    "@aws-cdk/aws-iam" "1.57.0"
    "@aws-cdk/aws-kms" "1.57.0"
    "@aws-cdk/core" "1.57.0"
    constructs "^3.0.2"

"@aws-cdk/aws-sam@1.57.0":
  version "1.57.0"
  resolved "https://registry.yarnpkg.com/@aws-cdk/aws-sam/-/aws-sam-1.57.0.tgz#9a54d0a53b3bbd255c78ca29dd7ab6f9c884dfe2"
  integrity sha512-QDfNwvE9fXk6gf99H6GMEMaWUOX6xSfnqLZaRACGD95saNwTtRT00j9gepIxbf8AA1vvZLpw222U4vTnMnU01g==
  dependencies:
    "@aws-cdk/core" "1.57.0"
    constructs "^3.0.2"

"@aws-cdk/aws-secretsmanager@1.57.0":
  version "1.57.0"
  resolved "https://registry.yarnpkg.com/@aws-cdk/aws-secretsmanager/-/aws-secretsmanager-1.57.0.tgz#d75a361ebc3db43452004a0884eb08b5d1f263bc"
  integrity sha512-URWlLfF1PR2BHgwcB1zGMkW1AsF9SrkA7qwyV/MmVvsQf3c2LOR6LWyCWJBRo3QSjrl/J8XVo6V5vBehE8hjow==
  dependencies:
    "@aws-cdk/aws-ec2" "1.57.0"
    "@aws-cdk/aws-iam" "1.57.0"
    "@aws-cdk/aws-kms" "1.57.0"
    "@aws-cdk/aws-lambda" "1.57.0"
    "@aws-cdk/aws-sam" "1.57.0"
    "@aws-cdk/core" "1.57.0"
    constructs "^3.0.2"

"@aws-cdk/aws-servicediscovery@1.57.0":
  version "1.57.0"
  resolved "https://registry.yarnpkg.com/@aws-cdk/aws-servicediscovery/-/aws-servicediscovery-1.57.0.tgz#e29dad5d79b530777d874c703e5fc21074823f4d"
  integrity sha512-buRrZNRIrb1X7SHt+s8n2x6Pnj4fQ4L5do4NyC2yvzJk1na7I2quY8Po95GghZAi0JHraq6aI/AR4mOY10uI9w==
  dependencies:
    "@aws-cdk/aws-ec2" "1.57.0"
    "@aws-cdk/aws-elasticloadbalancingv2" "1.57.0"
    "@aws-cdk/aws-route53" "1.57.0"
    "@aws-cdk/core" "1.57.0"
    constructs "^3.0.2"

"@aws-cdk/aws-sns-subscriptions@1.57.0":
  version "1.57.0"
  resolved "https://registry.yarnpkg.com/@aws-cdk/aws-sns-subscriptions/-/aws-sns-subscriptions-1.57.0.tgz#ff6c46eed54dc658b44821a8d63a04eed30215b2"
  integrity sha512-86+fW/BKKyiNqZCTdmgf7RJcVrzhwLmZaCp/SatAnf6CPQ7vcf+14JAa8FmRjB0C5kSAeFDKx9eAb5amo9zTzA==
  dependencies:
    "@aws-cdk/aws-iam" "1.57.0"
    "@aws-cdk/aws-lambda" "1.57.0"
    "@aws-cdk/aws-sns" "1.57.0"
    "@aws-cdk/aws-sqs" "1.57.0"
    "@aws-cdk/core" "1.57.0"
    constructs "^3.0.2"

"@aws-cdk/aws-sns@1.57.0":
  version "1.57.0"
  resolved "https://registry.yarnpkg.com/@aws-cdk/aws-sns/-/aws-sns-1.57.0.tgz#ea380ded10b8f04b0e768160bd8fbd51f7d59898"
  integrity sha512-kJGbpOiUJBJext6DuWPkF6N3k/TzGeS/jXCCTWRbJoNFhyfor0G3IqHsuenLioNFz5IhPXJHEjW2vmGy5zjAlw==
  dependencies:
    "@aws-cdk/aws-cloudwatch" "1.57.0"
    "@aws-cdk/aws-events" "1.57.0"
    "@aws-cdk/aws-iam" "1.57.0"
    "@aws-cdk/aws-kms" "1.57.0"
    "@aws-cdk/aws-sqs" "1.57.0"
    "@aws-cdk/core" "1.57.0"
    constructs "^3.0.2"

"@aws-cdk/aws-sqs@1.57.0":
  version "1.57.0"
  resolved "https://registry.yarnpkg.com/@aws-cdk/aws-sqs/-/aws-sqs-1.57.0.tgz#9ee09b9d9a1a9adb6f28d5e68752ec0fcda5bf42"
  integrity sha512-Yu75GtLOykW/LPTp6fArLMsz8msTnnD0afIYcifzMbIU+EoqGtsGLkJat1rqHyU4t6g3cbcK8f7CVWSy+YyTZQ==
  dependencies:
    "@aws-cdk/aws-cloudwatch" "1.57.0"
    "@aws-cdk/aws-iam" "1.57.0"
    "@aws-cdk/aws-kms" "1.57.0"
    "@aws-cdk/core" "1.57.0"
    constructs "^3.0.2"

"@aws-cdk/aws-ssm@1.57.0":
  version "1.57.0"
  resolved "https://registry.yarnpkg.com/@aws-cdk/aws-ssm/-/aws-ssm-1.57.0.tgz#d684763501ad684d2d0bcbc71ef3378c98ad4ef0"
  integrity sha512-nzDqMlqCooRbIZ3BazJMIXmoQWTMjJxP0Xn7bIfyjiTQwVj76h8r7n20uajXfCVMNcDj1Mpq+QBvNdyZPG/R6g==
  dependencies:
    "@aws-cdk/aws-iam" "1.57.0"
    "@aws-cdk/aws-kms" "1.57.0"
    "@aws-cdk/cloud-assembly-schema" "1.57.0"
    "@aws-cdk/core" "1.57.0"
    constructs "^3.0.2"

"@aws-cdk/aws-stepfunctions@1.57.0":
  version "1.57.0"
  resolved "https://registry.yarnpkg.com/@aws-cdk/aws-stepfunctions/-/aws-stepfunctions-1.57.0.tgz#9d5501f6b2d065e7ca240ef8816efdadd5ae51ec"
  integrity sha512-4Age9vLLC5s7oeVRIOW/wB+EvAgoIZxO/nlkZ3i5bRWvvRpesELS3DUkSXicbEJP0mn3yCujGnMo85LnTT7o2g==
  dependencies:
    "@aws-cdk/aws-cloudwatch" "1.57.0"
    "@aws-cdk/aws-events" "1.57.0"
    "@aws-cdk/aws-iam" "1.57.0"
    "@aws-cdk/aws-logs" "1.57.0"
    "@aws-cdk/core" "1.57.0"
    constructs "^3.0.2"

"@aws-cdk/cloud-assembly-schema@1.57.0":
  version "1.57.0"
  resolved "https://registry.yarnpkg.com/@aws-cdk/cloud-assembly-schema/-/cloud-assembly-schema-1.57.0.tgz#bf9c63cf3ca8cbf0f37886b43b12f5fab5c7c989"
  integrity sha512-IJyV3pgMvpbaIVYpUkBGsxIWh+VK7TxuTbEyHfBra5+VgXLoFdSG2UO80b4v6ou+occRqUGbqAnc/VfYr1uuvw==
  dependencies:
    jsonschema "^1.2.5"
    semver "^7.2.2"

"@aws-cdk/core@1.57.0", "@aws-cdk/core@^1.57.0":
  version "1.57.0"
  resolved "https://registry.yarnpkg.com/@aws-cdk/core/-/core-1.57.0.tgz#44e19a18f05d0b0742e5d406474000ef2f6f5db9"
  integrity sha512-NOE9u2tVwEF+EN5CYaoC34csBgKLA9rjCWCB6R64RPQ2MlhBFCvQxdG2ZO26nOOvH+yv/3zlylM7F546mfQMHg==
  dependencies:
    "@aws-cdk/cloud-assembly-schema" "1.57.0"
    "@aws-cdk/cx-api" "1.57.0"
    constructs "^3.0.2"
    fs-extra "^9.0.1"
    minimatch "^3.0.4"

"@aws-cdk/custom-resources@1.57.0":
  version "1.57.0"
  resolved "https://registry.yarnpkg.com/@aws-cdk/custom-resources/-/custom-resources-1.57.0.tgz#2a82c28040c205c4e0c57aa2ed27e31db242d5a4"
  integrity sha512-EEK2aRFRfC5uKWRQLFLjLApipb0NU07fDuATgdhSd1oqDRUvzvpQGJe0QL411c5rZGZa1aUAU9t/rnY1zmd1yQ==
  dependencies:
    "@aws-cdk/aws-cloudformation" "1.57.0"
    "@aws-cdk/aws-iam" "1.57.0"
    "@aws-cdk/aws-lambda" "1.57.0"
    "@aws-cdk/aws-logs" "1.57.0"
    "@aws-cdk/aws-sns" "1.57.0"
    "@aws-cdk/core" "1.57.0"
    constructs "^3.0.2"

"@aws-cdk/cx-api@1.57.0":
  version "1.57.0"
  resolved "https://registry.yarnpkg.com/@aws-cdk/cx-api/-/cx-api-1.57.0.tgz#e6ad6936e1781b821317be60978fb20111cb4d16"
  integrity sha512-h2qTTofE8cE1rSZB9ny+7AjjmxEdKoxhq+GsQebQ5NZkrN/Rbc+DL77S/GG53koPG4u/ZoA4UcdLz/JqiGgdPA==
  dependencies:
    "@aws-cdk/cloud-assembly-schema" "1.57.0"
    semver "^7.2.2"

"@aws-cdk/region-info@1.57.0":
  version "1.57.0"
  resolved "https://registry.yarnpkg.com/@aws-cdk/region-info/-/region-info-1.57.0.tgz#ae45fcf82fe7c66348c8b7ecfbb738dfb08bde9d"
  integrity sha512-U2V2f/PdD2VDGVwGGShb+7dqhmEEmShlOOdvDQvTmAg2SW6HwOt/rsz+va6EzvWV7fmxtFEfMiJVpnheZ1Vwyg==

"@types/crypto-js@^3.1.47":
  version "3.1.47"
  resolved "https://registry.yarnpkg.com/@types/crypto-js/-/crypto-js-3.1.47.tgz#36e549dd3f1322742a3a738e7c113ebe48221860"
  integrity sha512-eI6gvpcGHLk3dAuHYnRCAjX+41gMv1nz/VP55wAe5HtmAKDOoPSfr3f6vkMc08ov1S0NsjvUBxDtHHxqQY1LGA==

"@types/node-fetch@^2.5.7":
  version "2.5.7"
  resolved "https://registry.yarnpkg.com/@types/node-fetch/-/node-fetch-2.5.7.tgz#20a2afffa882ab04d44ca786449a276f9f6bbf3c"
  integrity sha512-o2WVNf5UhWRkxlf6eq+jMZDu7kjgpgJfl4xVNlvryc95O/6F2ld8ztKX+qu+Rjyet93WAWm5LjeX9H5FGkODvw==
  dependencies:
    "@types/node" "*"
    form-data "^3.0.0"

"@types/node@*", "@types/node@^14.11.2":
  version "14.11.2"
  resolved "https://registry.yarnpkg.com/@types/node/-/node-14.11.2.tgz#2de1ed6670439387da1c9f549a2ade2b0a799256"
  integrity sha512-jiE3QIxJ8JLNcb1Ps6rDbysDhN4xa8DJJvuC9prr6w+1tIh+QAbYyNF3tyiZNLDBIuBCf4KEcV2UvQm/V60xfA==

arg@^4.1.0:
  version "4.1.3"
  resolved "https://registry.yarnpkg.com/arg/-/arg-4.1.3.tgz#269fc7ad5b8e42cb63c896d5666017261c144089"
  integrity sha512-58S9QDqG0Xx27YwPSt9fJxivjYl432YCwfDMfZ+71RAqUrZef7LrKQZ3LHLOwCS4FLNBplP533Zx895SeOCHvA==

asynckit@^0.4.0:
  version "0.4.0"
  resolved "https://registry.yarnpkg.com/asynckit/-/asynckit-0.4.0.tgz#c79ed97f7f34cb8f2ba1bc9790bcc366474b4b79"
  integrity sha1-x57Zf380y48robyXkLzDZkdLS3k=

at-least-node@^1.0.0:
  version "1.0.0"
  resolved "https://registry.yarnpkg.com/at-least-node/-/at-least-node-1.0.0.tgz#602cd4b46e844ad4effc92a8011a3c46e0238dc2"
  integrity sha512-+q/t7Ekv1EDY2l6Gda6LLiX14rU9TV20Wa3ofeQmwPFZbOMo9DXrLbOjFaaclkXKWidIaopwAObQDqwWtGUjqg==

balanced-match@^1.0.0:
  version "1.0.0"
  resolved "https://registry.yarnpkg.com/balanced-match/-/balanced-match-1.0.0.tgz#89b4d199ab2bee49de164ea02b89ce462d71b767"
  integrity sha1-ibTRmasr7kneFk6gK4nORi1xt2c=

brace-expansion@^1.1.7:
  version "1.1.11"
  resolved "https://registry.yarnpkg.com/brace-expansion/-/brace-expansion-1.1.11.tgz#3c7fcbf529d87226f3d2f52b966ff5271eb441dd"
  integrity sha512-iCuPHDFgrHX7H2vEI/5xpz07zSHB00TpugqhmYtVmMO6518mCuRMoOYFldEBl0g187ufozdaHgWKcYFb61qGiA==
  dependencies:
    balanced-match "^1.0.0"
    concat-map "0.0.1"

buffer-from@^1.0.0:
  version "1.1.1"
  resolved "https://registry.yarnpkg.com/buffer-from/-/buffer-from-1.1.1.tgz#32713bc028f75c02fdb710d7c7bcec1f2c6070ef"
  integrity sha512-MQcXEUbCKtEo7bhqEs6560Hyd4XaovZlO/k9V3hjVUF/zwW7KBVdSK4gIt/bzwS9MbR5qob+F5jusZsb0YQK2A==

combined-stream@^1.0.8:
  version "1.0.8"
  resolved "https://registry.yarnpkg.com/combined-stream/-/combined-stream-1.0.8.tgz#c3d45a8b34fd730631a110a8a2520682b31d5a7f"
  integrity sha512-FQN4MRfuJeHf7cBbBMJFXhKSDq+2kAArBlmRBvcvFE5BB1HZKXtSFASDhdlz9zOYwxh8lDdnvmMOe/+5cdoEdg==
  dependencies:
    delayed-stream "~1.0.0"

concat-map@0.0.1:
  version "0.0.1"
  resolved "https://registry.yarnpkg.com/concat-map/-/concat-map-0.0.1.tgz#d8a96bd77fd68df7793a73036a3ba0d5405d477b"
  integrity sha1-2Klr13/Wjfd5OnMDajug1UBdR3s=

constructs@^3.0.2:
  version "3.0.4"
  resolved "https://registry.yarnpkg.com/constructs/-/constructs-3.0.4.tgz#eb1ed5b80f6600b8d50de83971357ae0fe8e29a2"
  integrity sha512-CDvg7gMjphE3DFX4pzkF6j73NREbR8npPFW8Mx/CLRnMR035+Y1o1HrXIsNSss/dq3ZUnNTU9jKyd3fL9EOlfw==

crypto-js@^4.0.0:
  version "4.0.0"
  resolved "https://registry.yarnpkg.com/crypto-js/-/crypto-js-4.0.0.tgz#2904ab2677a9d042856a2ea2ef80de92e4a36dcc"
  integrity sha512-bzHZN8Pn+gS7DQA6n+iUmBfl0hO5DJq++QP3U6uTucDtk/0iGpXd/Gg7CGR0p8tJhofJyaKoWBuJI4eAO00BBg==

decode-uri-component@^0.2.0:
  version "0.2.0"
  resolved "https://registry.yarnpkg.com/decode-uri-component/-/decode-uri-component-0.2.0.tgz#eb3913333458775cb84cd1a1fae062106bb87545"
  integrity sha1-6zkTMzRYd1y4TNGh+uBiEGu4dUU=

delayed-stream@~1.0.0:
  version "1.0.0"
  resolved "https://registry.yarnpkg.com/delayed-stream/-/delayed-stream-1.0.0.tgz#df3ae199acadfb7d440aaae0b29e2272b24ec619"
  integrity sha1-3zrhmayt+31ECqrgsp4icrJOxhk=

diff@^4.0.1:
  version "4.0.2"
  resolved "https://registry.yarnpkg.com/diff/-/diff-4.0.2.tgz#60f3aecb89d5fae520c11aa19efc2bb982aade7d"
  integrity sha512-58lmxKSA4BNyLz+HHMUzlOEpg09FV+ev6ZMe3vJihgdxzgcwZ8VoEEPmALCZG9LmqfVoNMMKpttIYTVG6uDY7A==

dotenv@^8.2.0:
  version "8.2.0"
  resolved "https://registry.yarnpkg.com/dotenv/-/dotenv-8.2.0.tgz#97e619259ada750eea3e4ea3e26bceea5424b16a"
  integrity sha512-8sJ78ElpbDJBHNeBzUbUVLsqKdccaa/BXF1uPTw3GrvQTBgrQrtObr2mUrE38vzYd8cEv+m/JBfDLioYcfXoaw==

form-data@^3.0.0:
  version "3.0.0"
  resolved "https://registry.yarnpkg.com/form-data/-/form-data-3.0.0.tgz#31b7e39c85f1355b7139ee0c647cf0de7f83c682"
  integrity sha512-CKMFDglpbMi6PyN+brwB9Q/GOw0eAnsrEZDgcsH5Krhz5Od/haKHAX0NmQfha2zPPz0JpWzA7GJHGSnvCRLWsg==
  dependencies:
    asynckit "^0.4.0"
    combined-stream "^1.0.8"
    mime-types "^2.1.12"

fs-extra@^9.0.1:
  version "9.0.1"
  resolved "https://registry.yarnpkg.com/fs-extra/-/fs-extra-9.0.1.tgz#910da0062437ba4c39fedd863f1675ccfefcb9fc"
  integrity sha512-h2iAoN838FqAFJY2/qVpzFXy+EBxfVE220PalAqQLDVsFOHLJrZvut5puAbCdNv6WJk+B8ihI+k0c7JK5erwqQ==
  dependencies:
    at-least-node "^1.0.0"
    graceful-fs "^4.2.0"
    jsonfile "^6.0.1"
    universalify "^1.0.0"

graceful-fs@^4.1.6, graceful-fs@^4.2.0:
  version "4.2.4"
  resolved "https://registry.yarnpkg.com/graceful-fs/-/graceful-fs-4.2.4.tgz#2256bde14d3632958c465ebc96dc467ca07a29fb"
  integrity sha512-WjKPNJF79dtJAVniUlGGWHYGz2jWxT6VhN/4m1NdkbZ2nOsEF+cI1Edgql5zCRhs/VsQYRvrXctxktVXZUkixw==

jsonfile@^6.0.1:
  version "6.0.1"
  resolved "https://registry.yarnpkg.com/jsonfile/-/jsonfile-6.0.1.tgz#98966cba214378c8c84b82e085907b40bf614179"
  integrity sha512-jR2b5v7d2vIOust+w3wtFKZIfpC2pnRmFAhAC/BuweZFQR8qZzxH1OyrQ10HmdVYiXWkYUqPVsz91cG7EL2FBg==
  dependencies:
    universalify "^1.0.0"
  optionalDependencies:
    graceful-fs "^4.1.6"

jsonschema@^1.2.5:
  version "1.2.6"
  resolved "https://registry.yarnpkg.com/jsonschema/-/jsonschema-1.2.6.tgz#52b0a8e9dc06bbae7295249d03e4b9faee8a0c0b"
  integrity sha512-SqhURKZG07JyKKeo/ir24QnS4/BV7a6gQy93bUSe4lUdNp0QNpIz2c9elWJQ9dpc5cQYY6cvCzgRwy0MQCLyqA==

make-error@^1.1.1:
  version "1.3.6"
  resolved "https://registry.yarnpkg.com/make-error/-/make-error-1.3.6.tgz#2eb2e37ea9b67c4891f684a1394799af484cf7a2"
  integrity sha512-s8UhlNe7vPKomQhC1qFelMokr/Sc3AgNbso3n74mVPA5LTZwkB9NlXf4XPamLxJE8h0gh73rM94xvwRT2CVInw==

mime-db@1.44.0:
  version "1.44.0"
  resolved "https://registry.yarnpkg.com/mime-db/-/mime-db-1.44.0.tgz#fa11c5eb0aca1334b4233cb4d52f10c5a6272f92"
  integrity sha512-/NOTfLrsPBVeH7YtFPgsVWveuL+4SjjYxaQ1xtM1KMFj7HdxlBlxeyNLzhyJVx7r4rZGJAZ/6lkKCitSc/Nmpg==

mime-types@^2.1.12:
  version "2.1.27"
  resolved "https://registry.yarnpkg.com/mime-types/-/mime-types-2.1.27.tgz#47949f98e279ea53119f5722e0f34e529bec009f"
  integrity sha512-JIhqnCasI9yD+SsmkquHBxTSEuZdQX5BuQnS2Vc7puQQQ+8yiP5AY5uWhpdv4YL4VM5c6iliiYWPgJ/nJQLp7w==
  dependencies:
    mime-db "1.44.0"

minimatch@^3.0.4:
  version "3.0.4"
  resolved "https://registry.yarnpkg.com/minimatch/-/minimatch-3.0.4.tgz#5166e286457f03306064be5497e8dbb0c3d32083"
  integrity sha512-yJHVQEhyqPLUTgt9B83PXu6W3rx4MvvHvSUvToogpwoGDOUQ+yDrR0HRot+yOCdCO7u4hX3pWft6kWBBcqh0UA==
  dependencies:
    brace-expansion "^1.1.7"

node-fetch@^2.6.1:
  version "2.6.1"
  resolved "https://registry.yarnpkg.com/node-fetch/-/node-fetch-2.6.1.tgz#045bd323631f76ed2e2b55573394416b639a0052"
  integrity sha512-V4aYg89jEoVRxRb2fJdAg8FHvI7cEyYdVAh94HH0UIK8oJxUfkjlDQN9RbMx+bEjP7+ggMiFRprSti032Oipxw==

query-string@^6.13.1:
  version "6.13.1"
  resolved "https://registry.yarnpkg.com/query-string/-/query-string-6.13.1.tgz#d913ccfce3b4b3a713989fe6d39466d92e71ccad"
  integrity sha512-RfoButmcK+yCta1+FuU8REvisx1oEzhMKwhLUNcepQTPGcNMp1sIqjnfCtfnvGSQZQEhaBHvccujtWoUV3TTbA==
  dependencies:
    decode-uri-component "^0.2.0"
    split-on-first "^1.0.0"
    strict-uri-encode "^2.0.0"

semver@^7.2.2:
  version "7.3.2"
  resolved "https://registry.yarnpkg.com/semver/-/semver-7.3.2.tgz#604962b052b81ed0786aae84389ffba70ffd3938"
  integrity sha512-OrOb32TeeambH6UrhtShmF7CRDqhL6/5XpPNp2DuRH6+9QLw/orhp72j87v8Qa1ScDkvrrBNpZcDejAirJmfXQ==

source-map-support@^0.5.17:
  version "0.5.19"
  resolved "https://registry.yarnpkg.com/source-map-support/-/source-map-support-0.5.19.tgz#a98b62f86dcaf4f67399648c085291ab9e8fed61"
  integrity sha512-Wonm7zOCIJzBGQdB+thsPar0kYuCIzYvxZwlBa87yi/Mdjv7Tip2cyVbLj5o0cFPN4EVkuTwb3GDDyUx2DGnGw==
  dependencies:
    buffer-from "^1.0.0"
    source-map "^0.6.0"

source-map@^0.6.0:
  version "0.6.1"
  resolved "https://registry.yarnpkg.com/source-map/-/source-map-0.6.1.tgz#74722af32e9614e9c287a8d0bbde48b5e2f1a263"
  integrity sha512-UjgapumWlbMhkBgzT7Ykc5YXUT46F0iKu8SGXq0bcwP5dz/h0Plj6enJqjz1Zbq2l5WaqYnrVbwWOWMyF3F47g==

split-on-first@^1.0.0:
  version "1.1.0"
  resolved "https://registry.yarnpkg.com/split-on-first/-/split-on-first-1.1.0.tgz#f610afeee3b12bce1d0c30425e76398b78249a5f"
  integrity sha512-43ZssAJaMusuKWL8sKUBQXHWOpq8d6CfN/u1p4gUzfJkM05C8rxTmYrkIPTXapZpORA6LkkzcUulJ8FqA7Uudw==

strict-uri-encode@^2.0.0:
  version "2.0.0"
  resolved "https://registry.yarnpkg.com/strict-uri-encode/-/strict-uri-encode-2.0.0.tgz#b9c7330c7042862f6b142dc274bbcc5866ce3546"
  integrity sha1-ucczDHBChi9rFC3CdLvMWGbONUY=

ts-node@^9.0.0:
  version "9.0.0"
  resolved "https://registry.yarnpkg.com/ts-node/-/ts-node-9.0.0.tgz#e7699d2a110cc8c0d3b831715e417688683460b3"
  integrity sha512-/TqB4SnererCDR/vb4S/QvSZvzQMJN8daAslg7MeaiHvD8rDZsSfXmNeNumyZZzMned72Xoq/isQljYSt8Ynfg==
  dependencies:
    arg "^4.1.0"
    diff "^4.0.1"
    make-error "^1.1.1"
    source-map-support "^0.5.17"
    yn "3.1.1"

typescript@^3.9.7:
  version "3.9.7"
  resolved "https://registry.yarnpkg.com/typescript/-/typescript-3.9.7.tgz#98d600a5ebdc38f40cb277522f12dc800e9e25fa"
  integrity sha512-BLbiRkiBzAwsjut4x/dsibSTB6yWpwT5qWmC2OfuCg3GgVQCSgMs4vEctYPhsaGtd0AeuuHMkjZ2h2WG8MSzRw==

universalify@^1.0.0:
  version "1.0.0"
  resolved "https://registry.yarnpkg.com/universalify/-/universalify-1.0.0.tgz#b61a1da173e8435b2fe3c67d29b9adf8594bd16d"
  integrity sha512-rb6X1W158d7pRQBg5gkR8uPaSfiids68LTJQYOtEUhoJUWBdaQHsuT/EUduxXYxcrt4r5PJ4fuHW1MHT6p0qug==

yn@3.1.1:
  version "3.1.1"
  resolved "https://registry.yarnpkg.com/yn/-/yn-3.1.1.tgz#1e87401a09d767c1d5eab26a6e4c185182d2eb50"
  integrity sha512-Ux4ygGWsu2c7isFWe8Yu1YluJmqVhxqK2cLXNQA5AcC3QfbGNpM7fu0Y8b/z16pXLnFxZYvWhd3fhBY9DLmC6Q==
